dependencies:
  espressif/mdns:
    component_hash: e81ca7a7f53ea34e78274df054da692c272e1315572876b237b1748e267c013b
    dependencies:
    - name: idf
      require: private
      version: '>=5.0'
    source:
      registry_url: https://components.espressif.com/
      type: service
    version: 1.11.3
  idf:
    source:
      type: idf
    version: 5.5.0
direct_dependencies:
- espressif/mdns
manifest_hash: de8a27d9a131c06ee7fd445c2bfc66391ba8f84cd5c2cb6c42fe2897772aac9b
target: esp32
version: 2.0.0
