dependencies:
  espressif/mdns:
    component_hash: 1ebe3bd675bb9d1c58f52bc0b609b32f74e572b01c328f9e61282040c775495c
    dependencies:
    - name: idf
      require: private
      version: '>=5.0'
    source:
      registry_url: https://components.espressif.com/
      type: service
    version: 1.11.0
  idf:
    source:
      type: idf
    version: 5.5.0
direct_dependencies:
- espressif/mdns
manifest_hash: de8a27d9a131c06ee7fd445c2bfc66391ba8f84cd5c2cb6c42fe2897772aac9b
target: esp32c6
version: 2.0.0
